
Microsoft Visual Studio Solution File, Format Version 12.00
# Visual Studio Version 16
VisualStudioVersion = 16.0.30330.147
MinimumVisualStudioVersion = 10.0.40219.1
Project("{FAE04EC0-301F-11D3-BF4B-00C04F79EFBC}") = "Mirabelki", "Mirabelki.csproj", "{BCF2ACD9-6750-41A4-B3C4-E76158B4DF7B}"
EndProject
Project("{FAE04EC0-301F-11D3-BF4B-00C04F79EFBC}") = "MirabellkiLogic", "..\MirabellkiLogic\MirabellkiLogic.csproj", "{4E9358E9-67B7-458A-9706-4A9154AC257F}"
EndProject
Project("{FAE04EC0-301F-11D3-BF4B-00C04F79EFBC}") = "MirabelkiDomain", "..\MirabelkiDomain\MirabelkiDomain.csproj", "{51A27D87-15C5-48F9-8EE0-AC380EC4C805}"
EndProject
Global
	GlobalSection(SolutionConfigurationPlatforms) = preSolution
		Debug|Any CPU = Debug|Any CPU
		Release|Any CPU = Release|Any CPU
	EndGlobalSection
	GlobalSection(ProjectConfigurationPlatforms) = postSolution
		{BCF2ACD9-6750-41A4-B3C4-E76158B4DF7B}.Debug|Any CPU.ActiveCfg = Debug|Any CPU
		{BCF2ACD9-6750-41A4-B3C4-E76158B4DF7B}.Debug|Any CPU.Build.0 = Debug|Any CPU
		{BCF2ACD9-6750-41A4-B3C4-E76158B4DF7B}.Release|Any CPU.ActiveCfg = Release|Any CPU
		{BCF2ACD9-6750-41A4-B3C4-E76158B4DF7B}.Release|Any CPU.Build.0 = Release|Any CPU
		{4E9358E9-67B7-458A-9706-4A9154AC257F}.Debug|Any CPU.ActiveCfg = Debug|Any CPU
		{4E9358E9-67B7-458A-9706-4A9154AC257F}.Debug|Any CPU.Build.0 = Debug|Any CPU
		{4E9358E9-67B7-458A-9706-4A9154AC257F}.Release|Any CPU.ActiveCfg = Release|Any CPU
		{4E9358E9-67B7-458A-9706-4A9154AC257F}.Release|Any CPU.Build.0 = Release|Any CPU
		{51A27D87-15C5-48F9-8EE0-AC380EC4C805}.Debug|Any CPU.ActiveCfg = Debug|Any CPU
		{51A27D87-15C5-48F9-8EE0-AC380EC4C805}.Debug|Any CPU.Build.0 = Debug|Any CPU
		{51A27D87-15C5-48F9-8EE0-AC380EC4C805}.Release|Any CPU.ActiveCfg = Release|Any CPU
		{51A27D87-15C5-48F9-8EE0-AC380EC4C805}.Release|Any CPU.Build.0 = Release|Any CPU
	EndGlobalSection
	GlobalSection(SolutionProperties) = preSolution
		HideSolutionNode = FALSE
	EndGlobalSection
	GlobalSection(ExtensibilityGlobals) = postSolution
		SolutionGuid = {E1348EBC-91AB-4C8C-9149-856E903C535A}
	EndGlobalSection
EndGlobal
